
Microsoft Visual Studio Solution File, Format Version 12.00
Project("{FAE04EC0-301F-11D3-BF4B-00C04F79EFBC}") = "Dashboard", "Dashboard\Dashboard.csproj", "{86A8DC67-1AB2-4674-8A68-8CC5FC9A894D}"
EndProject
Global
	GlobalSection(SolutionConfigurationPlatforms) = preSolution
		Debug|Any CPU = Debug|Any CPU
		Release|Any CPU = Release|Any CPU
	EndGlobalSection
	GlobalSection(ProjectConfigurationPlatforms) = postSolution
		{86A8DC67-1AB2-4674-8A68-8CC5FC9A894D}.Debug|Any CPU.ActiveCfg = Debug|Any CPU
		{86A8DC67-1AB2-4674-8A68-8CC5FC9A894D}.Debug|Any CPU.Build.0 = Debug|Any CPU
		{86A8DC67-1AB2-4674-8A68-8CC5FC9A894D}.Release|Any CPU.ActiveCfg = Release|Any CPU
		{86A8DC67-1AB2-4674-8A68-8CC5FC9A894D}.Release|Any CPU.Build.0 = Release|Any CPU
	EndGlobalSection
EndGlobal
